// !$*UTF8*$!
{
	archiveVersion = 1;
	classes = {
	};
	objectVersion = 50;
	objects = {

/* Begin PBXBuildFile section */
		066411F5222948CC0082954A /* UIImage-Extension.swift in Sources */ = {isa = PBXBuildFile; fileRef = 066411F4222948CC0082954A /* UIImage-Extension.swift */; };
		066411F7222955670082954A /* BaseViewController.swift in Sources */ = {isa = PBXBuildFile; fileRef = 066411F6222955670082954A /* BaseViewController.swift */; };
		066BA7F621F6AE9300048F29 /* AppDelegate.swift in Sources */ = {isa = PBXBuildFile; fileRef = 066BA7F521F6AE9300048F29 /* AppDelegate.swift */; };
		066BA7FB21F6AE9300048F29 /* Main.storyboard in Resources */ = {isa = PBXBuildFile; fileRef = 066BA7F921F6AE9300048F29 /* Main.storyboard */; };
		066BA7FD21F6AE9600048F29 /* Assets.xcassets in Resources */ = {isa = PBXBuildFile; fileRef = 066BA7FC21F6AE9600048F29 /* Assets.xcassets */; };
		066BA80B21F6AE9600048F29 /* DYZBTests.swift in Sources */ = {isa = PBXBuildFile; fileRef = 066BA80A21F6AE9600048F29 /* DYZBTests.swift */; };
		066BA81621F6AE9600048F29 /* DYZBUITests.swift in Sources */ = {isa = PBXBuildFile; fileRef = 066BA81521F6AE9600048F29 /* DYZBUITests.swift */; };
		0684F2D7222502A700A2D21B /* CategoryCollectionReusableView.swift in Sources */ = {isa = PBXBuildFile; fileRef = 0684F2D5222502A700A2D21B /* CategoryCollectionReusableView.swift */; };
		0684F2D8222502A700A2D21B /* CategoryCollectionReusableView.xib in Resources */ = {isa = PBXBuildFile; fileRef = 0684F2D6222502A700A2D21B /* CategoryCollectionReusableView.xib */; };
		0684F2DB2226637E00A2D21B /* PageCollectionView.swift in Sources */ = {isa = PBXBuildFile; fileRef = 0684F2DA2226637E00A2D21B /* PageCollectionView.swift */; };
		0684F2E92228C3A600A2D21B /* HorizontalCollectionFlowLayout.swift in Sources */ = {isa = PBXBuildFile; fileRef = 0684F2E82228C3A600A2D21B /* HorizontalCollectionFlowLayout.swift */; };
		068F70C92224F64D002EA10F /* CategoryViewController.swift in Sources */ = {isa = PBXBuildFile; fileRef = 068F70C82224F64D002EA10F /* CategoryViewController.swift */; };
		068F70CC2224FB94002EA10F /* CategoryCollectionViewCell.swift in Sources */ = {isa = PBXBuildFile; fileRef = 068F70CA2224FB94002EA10F /* CategoryCollectionViewCell.swift */; };
		068F70CD2224FB94002EA10F /* CategoryCollectionViewCell.xib in Resources */ = {isa = PBXBuildFile; fileRef = 068F70CB2224FB94002EA10F /* CategoryCollectionViewCell.xib */; };
		80A036E822213F4900CD0395 /* Recommend.storyboard in Resources */ = {isa = PBXBuildFile; fileRef = 80A036E622213F4900CD0395 /* Recommend.storyboard */; };
		80A036EB22213FAE00CD0395 /* Entertainment.storyboard in Resources */ = {isa = PBXBuildFile; fileRef = 80A036E922213FAE00CD0395 /* Entertainment.storyboard */; };
		80A036EE22213FDB00CD0395 /* Attention.storyboard in Resources */ = {isa = PBXBuildFile; fileRef = 80A036EC22213FDB00CD0395 /* Attention.storyboard */; };
		80A036F122213FF300CD0395 /* Fish.storyboard in Resources */ = {isa = PBXBuildFile; fileRef = 80A036EF22213FF300CD0395 /* Fish.storyboard */; };
		80A036F42221402000CD0395 /* Discover.storyboard in Resources */ = {isa = PBXBuildFile; fileRef = 80A036F22221402000CD0395 /* Discover.storyboard */; };
		80A036F62221426E00CD0395 /* MainViewController.swift in Sources */ = {isa = PBXBuildFile; fileRef = 80A036F52221426E00CD0395 /* MainViewController.swift */; };
		80A036FE222146CF00CD0395 /* RecommendViewController.swift in Sources */ = {isa = PBXBuildFile; fileRef = 80A036FD222146CF00CD0395 /* RecommendViewController.swift */; };
		80A037012221491500CD0395 /* UIBarButtionItem-Extension.swift in Sources */ = {isa = PBXBuildFile; fileRef = 80A037002221491500CD0395 /* UIBarButtionItem-Extension.swift */; };
		80A037032221545700CD0395 /* PageTitleView.swift in Sources */ = {isa = PBXBuildFile; fileRef = 80A037022221545700CD0395 /* PageTitleView.swift */; };
		80A037072221576B00CD0395 /* Common.swift in Sources */ = {isa = PBXBuildFile; fileRef = 80A037062221576B00CD0395 /* Common.swift */; };
		80A037092222445900CD0395 /* PageContentView.swift in Sources */ = {isa = PBXBuildFile; fileRef = 80A037082222445900CD0395 /* PageContentView.swift */; };
		80A0370B222246BB00CD0395 /* UIView-Extension.swift in Sources */ = {isa = PBXBuildFile; fileRef = 80A0370A222246BB00CD0395 /* UIView-Extension.swift */; };
		80A0370D222248B900CD0395 /* UIColor-Extension.swift in Sources */ = {isa = PBXBuildFile; fileRef = 80A0370C222248B900CD0395 /* UIColor-Extension.swift */; };
/* End PBXBuildFile section */

/* Begin PBXContainerItemProxy section */
		066BA80721F6AE9600048F29 /* PBXContainerItemProxy */ = {
			isa = PBXContainerItemProxy;
			containerPortal = 066BA7EA21F6AE9300048F29 /* Project object */;
			proxyType = 1;
			remoteGlobalIDString = 066BA7F121F6AE9300048F29;
			remoteInfo = DYZB;
		};
		066BA81221F6AE9600048F29 /* PBXContainerItemProxy */ = {
			isa = PBXContainerItemProxy;
			containerPortal = 066BA7EA21F6AE9300048F29 /* Project object */;
			proxyType = 1;
			remoteGlobalIDString = 066BA7F121F6AE9300048F29;
			remoteInfo = DYZB;
		};
/* End PBXContainerItemProxy section */

/* Begin PBXFileReference section */
		066411F4222948CC0082954A /* UIImage-Extension.swift */ = {isa = PBXFileReference; lastKnownFileType = sourcecode.swift; path = "UIImage-Extension.swift"; sourceTree = "<group>"; };
		066411F6222955670082954A /* BaseViewController.swift */ = {isa = PBXFileReference; lastKnownFileType = sourcecode.swift; path = BaseViewController.swift; sourceTree = "<group>"; };
		066BA7F221F6AE9300048F29 /* DYZB.app */ = {isa = PBXFileReference; explicitFileType = wrapper.application; includeInIndex = 0; path = DYZB.app; sourceTree = BUILT_PRODUCTS_DIR; };
		066BA7F521F6AE9300048F29 /* AppDelegate.swift */ = {isa = PBXFileReference; lastKnownFileType = sourcecode.swift; path = AppDelegate.swift; sourceTree = "<group>"; };
		066BA7FA21F6AE9300048F29 /* Base */ = {isa = PBXFileReference; lastKnownFileType = file.storyboard; name = Base; path = Base.lproj/Main.storyboard; sourceTree = "<group>"; };
		066BA7FC21F6AE9600048F29 /* Assets.xcassets */ = {isa = PBXFileReference; lastKnownFileType = folder.assetcatalog; path = Assets.xcassets; sourceTree = "<group>"; };
		066BA80121F6AE9600048F29 /* Info.plist */ = {isa = PBXFileReference; lastKnownFileType = text.plist.xml; path = Info.plist; sourceTree = "<group>"; };
		066BA80621F6AE9600048F29 /* DYZBTests.xctest */ = {isa = PBXFileReference; explicitFileType = wrapper.cfbundle; includeInIndex = 0; path = DYZBTests.xctest; sourceTree = BUILT_PRODUCTS_DIR; };
		066BA80A21F6AE9600048F29 /* DYZBTests.swift */ = {isa = PBXFileReference; lastKnownFileType = sourcecode.swift; path = DYZBTests.swift; sourceTree = "<group>"; };
		066BA80C21F6AE9600048F29 /* Info.plist */ = {isa = PBXFileReference; lastKnownFileType = text.plist.xml; path = Info.plist; sourceTree = "<group>"; };
		066BA81121F6AE9600048F29 /* DYZBUITests.xctest */ = {isa = PBXFileReference; explicitFileType = wrapper.cfbundle; includeInIndex = 0; path = DYZBUITests.xctest; sourceTree = BUILT_PRODUCTS_DIR; };
		066BA81521F6AE9600048F29 /* DYZBUITests.swift */ = {isa = PBXFileReference; lastKnownFileType = sourcecode.swift; path = DYZBUITests.swift; sourceTree = "<group>"; };
		066BA81721F6AE9600048F29 /* Info.plist */ = {isa = PBXFileReference; lastKnownFileType = text.plist.xml; path = Info.plist; sourceTree = "<group>"; };
		0684F2D5222502A700A2D21B /* CategoryCollectionReusableView.swift */ = {isa = PBXFileReference; lastKnownFileType = sourcecode.swift; path = CategoryCollectionReusableView.swift; sourceTree = "<group>"; };
		0684F2D6222502A700A2D21B /* CategoryCollectionReusableView.xib */ = {isa = PBXFileReference; lastKnownFileType = file.xib; path = CategoryCollectionReusableView.xib; sourceTree = "<group>"; };
		0684F2DA2226637E00A2D21B /* PageCollectionView.swift */ = {isa = PBXFileReference; lastKnownFileType = sourcecode.swift; path = PageCollectionView.swift; sourceTree = "<group>"; };
		0684F2E82228C3A600A2D21B /* HorizontalCollectionFlowLayout.swift */ = {isa = PBXFileReference; lastKnownFileType = sourcecode.swift; path = HorizontalCollectionFlowLayout.swift; sourceTree = "<group>"; };
		068F70C82224F64D002EA10F /* CategoryViewController.swift */ = {isa = PBXFileReference; lastKnownFileType = sourcecode.swift; path = CategoryViewController.swift; sourceTree = "<group>"; };
		068F70CA2224FB94002EA10F /* CategoryCollectionViewCell.swift */ = {isa = PBXFileReference; lastKnownFileType = sourcecode.swift; name = CategoryCollectionViewCell.swift; path = DYZB/Classes/Recommend/View/CategoryCollectionViewCell.swift; sourceTree = SOURCE_ROOT; };
		068F70CB2224FB94002EA10F /* CategoryCollectionViewCell.xib */ = {isa = PBXFileReference; lastKnownFileType = file.xib; name = CategoryCollectionViewCell.xib; path = DYZB/Classes/Recommend/View/CategoryCollectionViewCell.xib; sourceTree = SOURCE_ROOT; };
		80A036E722213F4900CD0395 /* Base */ = {isa = PBXFileReference; lastKnownFileType = file.storyboard; name = Base; path = DYZB/Classes/Main/Base.lproj/Recommend.storyboard; sourceTree = "<group>"; };
		80A036EA22213FAE00CD0395 /* Base */ = {isa = PBXFileReference; lastKnownFileType = file.storyboard; name = Base; path = DYZB/Classes/Main/Base.lproj/Entertainment.storyboard; sourceTree = "<group>"; };
		80A036ED22213FDB00CD0395 /* Base */ = {isa = PBXFileReference; lastKnownFileType = file.storyboard; name = Base; path = DYZB/Classes/Main/Base.lproj/Attention.storyboard; sourceTree = "<group>"; };
		80A036F022213FF300CD0395 /* Base */ = {isa = PBXFileReference; lastKnownFileType = file.storyboard; name = Base; path = DYZB/Classes/Main/Base.lproj/Fish.storyboard; sourceTree = "<group>"; };
		80A036F32221402000CD0395 /* Base */ = {isa = PBXFileReference; lastKnownFileType = file.storyboard; name = Base; path = DYZB/Classes/Main/Base.lproj/Discover.storyboard; sourceTree = "<group>"; };
		80A036F52221426E00CD0395 /* MainViewController.swift */ = {isa = PBXFileReference; lastKnownFileType = sourcecode.swift; path = MainViewController.swift; sourceTree = "<group>"; };
		80A036FD222146CF00CD0395 /* RecommendViewController.swift */ = {isa = PBXFileReference; lastKnownFileType = sourcecode.swift; path = RecommendViewController.swift; sourceTree = "<group>"; };
		80A037002221491500CD0395 /* UIBarButtionItem-Extension.swift */ = {isa = PBXFileReference; lastKnownFileType = sourcecode.swift; path = "UIBarButtionItem-Extension.swift"; sourceTree = "<group>"; };
		80A037022221545700CD0395 /* PageTitleView.swift */ = {isa = PBXFileReference; lastKnownFileType = sourcecode.swift; path = PageTitleView.swift; sourceTree = "<group>"; };
		80A037062221576B00CD0395 /* Common.swift */ = {isa = PBXFileReference; lastKnownFileType = sourcecode.swift; path = Common.swift; sourceTree = "<group>"; };
		80A037082222445900CD0395 /* PageContentView.swift */ = {isa = PBXFileReference; lastKnownFileType = sourcecode.swift; path = PageContentView.swift; sourceTree = "<group>"; };
		80A0370A222246BB00CD0395 /* UIView-Extension.swift */ = {isa = PBXFileReference; lastKnownFileType = sourcecode.swift; path = "UIView-Extension.swift"; sourceTree = "<group>"; };
		80A0370C222248B900CD0395 /* UIColor-Extension.swift */ = {isa = PBXFileReference; lastKnownFileType = sourcecode.swift; path = "UIColor-Extension.swift"; sourceTree = "<group>"; };
/* End PBXFileReference section */

/* Begin PBXFrameworksBuildPhase section */
		066BA7EF21F6AE9300048F29 /* Frameworks */ = {
			isa = PBXFrameworksBuildPhase;
			buildActionMask = 2147483647;
			files = (
			);
			runOnlyForDeploymentPostprocessing = 0;
		};
		066BA80321F6AE9600048F29 /* Frameworks */ = {
			isa = PBXFrameworksBuildPhase;
			buildActionMask = 2147483647;
			files = (
			);
			runOnlyForDeploymentPostprocessing = 0;
		};
		066BA80E21F6AE9600048F29 /* Frameworks */ = {
			isa = PBXFrameworksBuildPhase;
			buildActionMask = 2147483647;
			files = (
			);
			runOnlyForDeploymentPostprocessing = 0;
		};
/* End PBXFrameworksBuildPhase section */

/* Begin PBXGroup section */
		066BA7E921F6AE9300048F29 = {
			isa = PBXGroup;
			children = (
				066BA7F421F6AE9300048F29 /* DYZB */,
				066BA80921F6AE9600048F29 /* DYZBTests */,
				066BA81421F6AE9600048F29 /* DYZBUITests */,
				066BA7F321F6AE9300048F29 /* Products */,
			);
			sourceTree = "<group>";
		};
		066BA7F321F6AE9300048F29 /* Products */ = {
			isa = PBXGroup;
			children = (
				066BA7F221F6AE9300048F29 /* DYZB.app */,
				066BA80621F6AE9600048F29 /* DYZBTests.xctest */,
				066BA81121F6AE9600048F29 /* DYZBUITests.xctest */,
			);
			name = Products;
			sourceTree = "<group>";
		};
		066BA7F421F6AE9300048F29 /* DYZB */ = {
			isa = PBXGroup;
			children = (
				80A036DE22213B8700CD0395 /* Classes */,
				066BA7F521F6AE9300048F29 /* AppDelegate.swift */,
				066BA7FC21F6AE9600048F29 /* Assets.xcassets */,
				066BA80121F6AE9600048F29 /* Info.plist */,
			);
			path = DYZB;
			sourceTree = "<group>";
		};
		066BA80921F6AE9600048F29 /* DYZBTests */ = {
			isa = PBXGroup;
			children = (
				066BA80A21F6AE9600048F29 /* DYZBTests.swift */,
				066BA80C21F6AE9600048F29 /* Info.plist */,
			);
			path = DYZBTests;
			sourceTree = "<group>";
		};
		066BA81421F6AE9600048F29 /* DYZBUITests */ = {
			isa = PBXGroup;
			children = (
				066BA81521F6AE9600048F29 /* DYZBUITests.swift */,
				066BA81721F6AE9600048F29 /* Info.plist */,
			);
			path = DYZBUITests;
			sourceTree = "<group>";
		};
		80A036DE22213B8700CD0395 /* Classes */ = {
			isa = PBXGroup;
			children = (
				80A036E322213B8700CD0395 /* Main */,
				80A036E122213B8700CD0395 /* Recommend */,
				80A036E222213B8700CD0395 /* Entertainment */,
				80A036DF22213B8700CD0395 /* Attention */,
				80A036E422213B8700CD0395 /* Fish */,
				80A036E022213B8700CD0395 /* Discover */,
				80A036E522213BE600CD0395 /* Tools */,
			);
			path = Classes;
			sourceTree = "<group>";
		};
		80A036DF22213B8700CD0395 /* Attention */ = {
			isa = PBXGroup;
			children = (
				80A036EC22213FDB00CD0395 /* Attention.storyboard */,
			);
			path = Attention;
			sourceTree = "<group>";
		};
		80A036E022213B8700CD0395 /* Discover */ = {
			isa = PBXGroup;
			children = (
				80A036F22221402000CD0395 /* Discover.storyboard */,
			);
			path = Discover;
			sourceTree = "<group>";
		};
		80A036E122213B8700CD0395 /* Recommend */ = {
			isa = PBXGroup;
			children = (
				80A036FC2221467300CD0395 /* Model */,
				80A036FB2221466D00CD0395 /* View */,
				80A036FA2221466100CD0395 /* Controller */,
			);
			path = Recommend;
			sourceTree = "<group>";
		};
		80A036E222213B8700CD0395 /* Entertainment */ = {
			isa = PBXGroup;
			children = (
				80A036E922213FAE00CD0395 /* Entertainment.storyboard */,
			);
			path = Entertainment;
			sourceTree = "<group>";
		};
		80A036E322213B8700CD0395 /* Main */ = {
			isa = PBXGroup;
			children = (
				80A036F92221464D00CD0395 /* Model */,
				80A036F82221464700CD0395 /* View */,
				80A036F72221463500CD0395 /* Controller */,
			);
			path = Main;
			sourceTree = "<group>";
		};
		80A036E422213B8700CD0395 /* Fish */ = {
			isa = PBXGroup;
			children = (
				80A036EF22213FF300CD0395 /* Fish.storyboard */,
			);
			path = Fish;
			sourceTree = "<group>";
		};
		80A036E522213BE600CD0395 /* Tools */ = {
			isa = PBXGroup;
			children = (
				80A036FF222148E600CD0395 /* Extension */,
				80A037062221576B00CD0395 /* Common.swift */,
				0684F2E82228C3A600A2D21B /* HorizontalCollectionFlowLayout.swift */,
			);
			path = Tools;
			sourceTree = "<group>";
		};
		80A036F72221463500CD0395 /* Controller */ = {
			isa = PBXGroup;
			children = (
				066BA7F921F6AE9300048F29 /* Main.storyboard */,
				80A036F52221426E00CD0395 /* MainViewController.swift */,
				066411F6222955670082954A /* BaseViewController.swift */,
			);
			path = Controller;
			sourceTree = "<group>";
		};
		80A036F82221464700CD0395 /* View */ = {
			isa = PBXGroup;
			children = (
				80A037022221545700CD0395 /* PageTitleView.swift */,
				80A037082222445900CD0395 /* PageContentView.swift */,
				0684F2DA2226637E00A2D21B /* PageCollectionView.swift */,
			);
			path = View;
			sourceTree = "<group>";
		};
		80A036F92221464D00CD0395 /* Model */ = {
			isa = PBXGroup;
			children = (
			);
			path = Model;
			sourceTree = "<group>";
		};
		80A036FA2221466100CD0395 /* Controller */ = {
			isa = PBXGroup;
			children = (
				80A036E622213F4900CD0395 /* Recommend.storyboard */,
				80A036FD222146CF00CD0395 /* RecommendViewController.swift */,
				068F70C82224F64D002EA10F /* CategoryViewController.swift */,
			);
			path = Controller;
			sourceTree = "<group>";
		};
		80A036FB2221466D00CD0395 /* View */ = {
			isa = PBXGroup;
			children = (
				0684F2D5222502A700A2D21B /* CategoryCollectionReusableView.swift */,
				0684F2D6222502A700A2D21B /* CategoryCollectionReusableView.xib */,
				068F70CA2224FB94002EA10F /* CategoryCollectionViewCell.swift */,
				068F70CB2224FB94002EA10F /* CategoryCollectionViewCell.xib */,
			);
			path = View;
			sourceTree = "<group>";
		};
		80A036FC2221467300CD0395 /* Model */ = {
			isa = PBXGroup;
			children = (
			);
			path = Model;
			sourceTree = "<group>";
		};
		80A036FF222148E600CD0395 /* Extension */ = {
			isa = PBXGroup;
			children = (
				80A037002221491500CD0395 /* UIBarButtionItem-Extension.swift */,
				80A0370A222246BB00CD0395 /* UIView-Extension.swift */,
				80A0370C222248B900CD0395 /* UIColor-Extension.swift */,
				066411F4222948CC0082954A /* UIImage-Extension.swift */,
			);
			path = Extension;
			sourceTree = "<group>";
		};
/* End PBXGroup section */

/* Begin PBXNativeTarget section */
		066BA7F121F6AE9300048F29 /* DYZB */ = {
			isa = PBXNativeTarget;
			buildConfigurationList = 066BA81A21F6AE9600048F29 /* Build configuration list for PBXNativeTarget "DYZB" */;
			buildPhases = (
				066BA7EE21F6AE9300048F29 /* Sources */,
				066BA7EF21F6AE9300048F29 /* Frameworks */,
				066BA7F021F6AE9300048F29 /* Resources */,
			);
			buildRules = (
			);
			dependencies = (
			);
			name = DYZB;
			productName = DYZB;
			productReference = 066BA7F221F6AE9300048F29 /* DYZB.app */;
			productType = "com.apple.product-type.application";
		};
		066BA80521F6AE9600048F29 /* DYZBTests */ = {
			isa = PBXNativeTarget;
			buildConfigurationList = 066BA81D21F6AE9600048F29 /* Build configuration list for PBXNativeTarget "DYZBTests" */;
			buildPhases = (
				066BA80221F6AE9600048F29 /* Sources */,
				066BA80321F6AE9600048F29 /* Frameworks */,
				066BA80421F6AE9600048F29 /* Resources */,
			);
			buildRules = (
			);
			dependencies = (
				066BA80821F6AE9600048F29 /* PBXTargetDependency */,
			);
			name = DYZBTests;
			productName = DYZBTests;
			productReference = 066BA80621F6AE9600048F29 /* DYZBTests.xctest */;
			productType = "com.apple.product-type.bundle.unit-test";
		};
		066BA81021F6AE9600048F29 /* DYZBUITests */ = {
			isa = PBXNativeTarget;
			buildConfigurationList = 066BA82021F6AE9600048F29 /* Build configuration list for PBXNativeTarget "DYZBUITests" */;
			buildPhases = (
				066BA80D21F6AE9600048F29 /* Sources */,
				066BA80E21F6AE9600048F29 /* Frameworks */,
				066BA80F21F6AE9600048F29 /* Resources */,
			);
			buildRules = (
			);
			dependencies = (
				066BA81321F6AE9600048F29 /* PBXTargetDependency */,
			);
			name = DYZBUITests;
			productName = DYZBUITests;
			productReference = 066BA81121F6AE9600048F29 /* DYZBUITests.xctest */;
			productType = "com.apple.product-type.bundle.ui-testing";
		};
/* End PBXNativeTarget section */

/* Begin PBXProject section */
		066BA7EA21F6AE9300048F29 /* Project object */ = {
			isa = PBXProject;
			attributes = {
				LastSwiftUpdateCheck = 1010;
				LastUpgradeCheck = 1010;
				ORGANIZATIONNAME = jyd;
				TargetAttributes = {
					066BA7F121F6AE9300048F29 = {
						CreatedOnToolsVersion = 10.1;
					};
					066BA80521F6AE9600048F29 = {
						CreatedOnToolsVersion = 10.1;
						TestTargetID = 066BA7F121F6AE9300048F29;
					};
					066BA81021F6AE9600048F29 = {
						CreatedOnToolsVersion = 10.1;
						TestTargetID = 066BA7F121F6AE9300048F29;
					};
				};
			};
			buildConfigurationList = 066BA7ED21F6AE9300048F29 /* Build configuration list for PBXProject "DYZB" */;
			compatibilityVersion = "Xcode 9.3";
			developmentRegion = en;
			hasScannedForEncodings = 0;
			knownRegions = (
				en,
				Base,
			);
			mainGroup = 066BA7E921F6AE9300048F29;
			productRefGroup = 066BA7F321F6AE9300048F29 /* Products */;
			projectDirPath = "";
			projectRoot = "";
			targets = (
				066BA7F121F6AE9300048F29 /* DYZB */,
				066BA80521F6AE9600048F29 /* DYZBTests */,
				066BA81021F6AE9600048F29 /* DYZBUITests */,
			);
		};
/* End PBXProject section */

/* Begin PBXResourcesBuildPhase section */
		066BA7F021F6AE9300048F29 /* Resources */ = {
			isa = PBXResourcesBuildPhase;
			buildActionMask = 2147483647;
			files = (
				80A036F42221402000CD0395 /* Discover.storyboard in Resources */,
				80A036F122213FF300CD0395 /* Fish.storyboard in Resources */,
				80A036EE22213FDB00CD0395 /* Attention.storyboard in Resources */,
				80A036E822213F4900CD0395 /* Recommend.storyboard in Resources */,
				0684F2D8222502A700A2D21B /* CategoryCollectionReusableView.xib in Resources */,
				068F70CD2224FB94002EA10F /* CategoryCollectionViewCell.xib in Resources */,
				80A036EB22213FAE00CD0395 /* Entertainment.storyboard in Resources */,
				066BA7FD21F6AE9600048F29 /* Assets.xcassets in Resources */,
				066BA7FB21F6AE9300048F29 /* Main.storyboard in Resources */,
			);
			runOnlyForDeploymentPostprocessing = 0;
		};
		066BA80421F6AE9600048F29 /* Resources */ = {
			isa = PBXResourcesBuildPhase;
			buildActionMask = 2147483647;
			files = (
			);
			runOnlyForDeploymentPostprocessing = 0;
		};
		066BA80F21F6AE9600048F29 /* Resources */ = {
			isa = PBXResourcesBuildPhase;
			buildActionMask = 2147483647;
			files = (
			);
			runOnlyForDeploymentPostprocessing = 0;
		};
/* End PBXResourcesBuildPhase section */

/* Begin PBXSourcesBuildPhase section */
		066BA7EE21F6AE9300048F29 /* Sources */ = {
			isa = PBXSourcesBuildPhase;
			buildActionMask = 2147483647;
			files = (
				068F70C92224F64D002EA10F /* CategoryViewController.swift in Sources */,
				80A037012221491500CD0395 /* UIBarButtionItem-Extension.swift in Sources */,
				066BA7F621F6AE9300048F29 /* AppDelegate.swift in Sources */,
				0684F2D7222502A700A2D21B /* CategoryCollectionReusableView.swift in Sources */,
				066411F5222948CC0082954A /* UIImage-Extension.swift in Sources */,
				80A037032221545700CD0395 /* PageTitleView.swift in Sources */,
				80A037092222445900CD0395 /* PageContentView.swift in Sources */,
				80A0370D222248B900CD0395 /* UIColor-Extension.swift in Sources */,
				0684F2E92228C3A600A2D21B /* HorizontalCollectionFlowLayout.swift in Sources */,
				80A0370B222246BB00CD0395 /* UIView-Extension.swift in Sources */,
				0684F2DB2226637E00A2D21B /* PageCollectionView.swift in Sources */,
				80A036F62221426E00CD0395 /* MainViewController.swift in Sources */,
				068F70CC2224FB94002EA10F /* CategoryCollectionViewCell.swift in Sources */,
				066411F7222955670082954A /* BaseViewController.swift in Sources */,
				80A037072221576B00CD0395 /* Common.swift in Sources */,
				80A036FE222146CF00CD0395 /* RecommendViewController.swift in Sources */,
			);
			runOnlyForDeploymentPostprocessing = 0;
		};
		066BA80221F6AE9600048F29 /* Sources */ = {
			isa = PBXSourcesBuildPhase;
			buildActionMask = 2147483647;
			files = (
				066BA80B21F6AE9600048F29 /* DYZBTests.swift in Sources */,
			);
			runOnlyForDeploymentPostprocessing = 0;
		};
		066BA80D21F6AE9600048F29 /* Sources */ = {
			isa = PBXSourcesBuildPhase;
			buildActionMask = 2147483647;
			files = (
				066BA81621F6AE9600048F29 /* DYZBUITests.swift in Sources */,
			);
			runOnlyForDeploymentPostprocessing = 0;
		};
/* End PBXSourcesBuildPhase section */

/* Begin PBXTargetDependency section */
		066BA80821F6AE9600048F29 /* PBXTargetDependency */ = {
			isa = PBXTargetDependency;
			target = 066BA7F121F6AE9300048F29 /* DYZB */;
			targetProxy = 066BA80721F6AE9600048F29 /* PBXContainerItemProxy */;
		};
		066BA81321F6AE9600048F29 /* PBXTargetDependency */ = {
			isa = PBXTargetDependency;
			target = 066BA7F121F6AE9300048F29 /* DYZB */;
			targetProxy = 066BA81221F6AE9600048F29 /* PBXContainerItemProxy */;
		};
/* End PBXTargetDependency section */

/* Begin PBXVariantGroup section */
		066BA7F921F6AE9300048F29 /* Main.storyboard */ = {
			isa = PBXVariantGroup;
			children = (
				066BA7FA21F6AE9300048F29 /* Base */,
			);
			name = Main.storyboard;
			sourceTree = "<group>";
		};
		80A036E622213F4900CD0395 /* Recommend.storyboard */ = {
			isa = PBXVariantGroup;
			children = (
				80A036E722213F4900CD0395 /* Base */,
			);
			name = Recommend.storyboard;
			sourceTree = "<group>";
		};
		80A036E922213FAE00CD0395 /* Entertainment.storyboard */ = {
			isa = PBXVariantGroup;
			children = (
				80A036EA22213FAE00CD0395 /* Base */,
			);
			name = Entertainment.storyboard;
			sourceTree = "<group>";
		};
		80A036EC22213FDB00CD0395 /* Attention.storyboard */ = {
			isa = PBXVariantGroup;
			children = (
				80A036ED22213FDB00CD0395 /* Base */,
			);
			name = Attention.storyboard;
			sourceTree = "<group>";
		};
		80A036EF22213FF300CD0395 /* Fish.storyboard */ = {
			isa = PBXVariantGroup;
			children = (
				80A036F022213FF300CD0395 /* Base */,
			);
			name = Fish.storyboard;
			sourceTree = "<group>";
		};
		80A036F22221402000CD0395 /* Discover.storyboard */ = {
			isa = PBXVariantGroup;
			children = (
				80A036F32221402000CD0395 /* Base */,
			);
			name = Discover.storyboard;
			sourceTree = "<group>";
		};
/* End PBXVariantGroup section */

/* Begin XCBuildConfiguration section */
		066BA81821F6AE9600048F29 /* Debug */ = {
			isa = XCBuildConfiguration;
			buildSettings = {
				ALWAYS_SEARCH_USER_PATHS = NO;
				CLANG_ANALYZER_NONNULL = YES;
				CLANG_ANALYZER_NUMBER_OBJECT_CONVERSION = YES_AGGRESSIVE;
				CLANG_CXX_LANGUAGE_STANDARD = "gnu++14";
				CLANG_CXX_LIBRARY = "libc++";
				CLANG_ENABLE_MODULES = YES;
				CLANG_ENABLE_OBJC_ARC = YES;
				CLANG_ENABLE_OBJC_WEAK = YES;
				CLANG_WARN_BLOCK_CAPTURE_AUTORELEASING = YES;
				CLANG_WARN_BOOL_CONVERSION = YES;
				CLANG_WARN_COMMA = YES;
				CLANG_WARN_CONSTANT_CONVERSION = YES;
				CLANG_WARN_DEPRECATED_OBJC_IMPLEMENTATIONS = YES;
				CLANG_WARN_DIRECT_OBJC_ISA_USAGE = YES_ERROR;
				CLANG_WARN_DOCUMENTATION_COMMENTS = YES;
				CLANG_WARN_EMPTY_BODY = YES;
				CLANG_WARN_ENUM_CONVERSION = YES;
				CLANG_WARN_INFINITE_RECURSION = YES;
				CLANG_WARN_INT_CONVERSION = YES;
				CLANG_WARN_NON_LITERAL_NULL_CONVERSION = YES;
				CLANG_WARN_OBJC_IMPLICIT_RETAIN_SELF = YES;
				CLANG_WARN_OBJC_LITERAL_CONVERSION = YES;
				CLANG_WARN_OBJC_ROOT_CLASS = YES_ERROR;
				CLANG_WARN_RANGE_LOOP_ANALYSIS = YES;
				CLANG_WARN_STRICT_PROTOTYPES = YES;
				CLANG_WARN_SUSPICIOUS_MOVE = YES;
				CLANG_WARN_UNGUARDED_AVAILABILITY = YES_AGGRESSIVE;
				CLANG_WARN_UNREACHABLE_CODE = YES;
				CLANG_WARN__DUPLICATE_METHOD_MATCH = YES;
				CODE_SIGN_IDENTITY = "iPhone Developer";
				COPY_PHASE_STRIP = NO;
				DEBUG_INFORMATION_FORMAT = dwarf;
				ENABLE_STRICT_OBJC_MSGSEND = YES;
				ENABLE_TESTABILITY = YES;
				GCC_C_LANGUAGE_STANDARD = gnu11;
				GCC_DYNAMIC_NO_PIC = NO;
				GCC_NO_COMMON_BLOCKS = YES;
				GCC_OPTIMIZATION_LEVEL = 0;
				GCC_PREPROCESSOR_DEFINITIONS = (
					"DEBUG=1",
					"$(inherited)",
				);
				GCC_WARN_64_TO_32_BIT_CONVERSION = YES;
				GCC_WARN_ABOUT_RETURN_TYPE = YES_ERROR;
				GCC_WARN_UNDECLARED_SELECTOR = YES;
				GCC_WARN_UNINITIALIZED_AUTOS = YES_AGGRESSIVE;
				GCC_WARN_UNUSED_FUNCTION = YES;
				GCC_WARN_UNUSED_VARIABLE = YES;
				IPHONEOS_DEPLOYMENT_TARGET = 12.1;
				MTL_ENABLE_DEBUG_INFO = INCLUDE_SOURCE;
				MTL_FAST_MATH = YES;
				ONLY_ACTIVE_ARCH = YES;
				SDKROOT = iphoneos;
				SWIFT_ACTIVE_COMPILATION_CONDITIONS = DEBUG;
				SWIFT_OPTIMIZATION_LEVEL = "-Onone";
			};
			name = Debug;
		};
		066BA81921F6AE9600048F29 /* Release */ = {
			isa = XCBuildConfiguration;
			buildSettings = {
				ALWAYS_SEARCH_USER_PATHS = NO;
				CLANG_ANALYZER_NONNULL = YES;
				CLANG_ANALYZER_NUMBER_OBJECT_CONVERSION = YES_AGGRESSIVE;
				CLANG_CXX_LANGUAGE_STANDARD = "gnu++14";
				CLANG_CXX_LIBRARY = "libc++";
				CLANG_ENABLE_MODULES = YES;
				CLANG_ENABLE_OBJC_ARC = YES;
				CLANG_ENABLE_OBJC_WEAK = YES;
				CLANG_WARN_BLOCK_CAPTURE_AUTORELEASING = YES;
				CLANG_WARN_BOOL_CONVERSION = YES;
				CLANG_WARN_COMMA = YES;
				CLANG_WARN_CONSTANT_CONVERSION = YES;
				CLANG_WARN_DEPRECATED_OBJC_IMPLEMENTATIONS = YES;
				CLANG_WARN_DIRECT_OBJC_ISA_USAGE = YES_ERROR;
				CLANG_WARN_DOCUMENTATION_COMMENTS = YES;
				CLANG_WARN_EMPTY_BODY = YES;
				CLANG_WARN_ENUM_CONVERSION = YES;
				CLANG_WARN_INFINITE_RECURSION = YES;
				CLANG_WARN_INT_CONVERSION = YES;
				CLANG_WARN_NON_LITERAL_NULL_CONVERSION = YES;
				CLANG_WARN_OBJC_IMPLICIT_RETAIN_SELF = YES;
				CLANG_WARN_OBJC_LITERAL_CONVERSION = YES;
				CLANG_WARN_OBJC_ROOT_CLASS = YES_ERROR;
				CLANG_WARN_RANGE_LOOP_ANALYSIS = YES;
				CLANG_WARN_STRICT_PROTOTYPES = YES;
				CLANG_WARN_SUSPICIOUS_MOVE = YES;
				CLANG_WARN_UNGUARDED_AVAILABILITY = YES_AGGRESSIVE;
				CLANG_WARN_UNREACHABLE_CODE = YES;
				CLANG_WARN__DUPLICATE_METHOD_MATCH = YES;
				CODE_SIGN_IDENTITY = "iPhone Developer";
				COPY_PHASE_STRIP = NO;
				DEBUG_INFORMATION_FORMAT = "dwarf-with-dsym";
				ENABLE_NS_ASSERTIONS = NO;
				ENABLE_STRICT_OBJC_MSGSEND = YES;
				GCC_C_LANGUAGE_STANDARD = gnu11;
				GCC_NO_COMMON_BLOCKS = YES;
				GCC_WARN_64_TO_32_BIT_CONVERSION = YES;
				GCC_WARN_ABOUT_RETURN_TYPE = YES_ERROR;
				GCC_WARN_UNDECLARED_SELECTOR = YES;
				GCC_WARN_UNINITIALIZED_AUTOS = YES_AGGRESSIVE;
				GCC_WARN_UNUSED_FUNCTION = YES;
				GCC_WARN_UNUSED_VARIABLE = YES;
				IPHONEOS_DEPLOYMENT_TARGET = 12.1;
				MTL_ENABLE_DEBUG_INFO = NO;
				MTL_FAST_MATH = YES;
				SDKROOT = iphoneos;
				SWIFT_COMPILATION_MODE = wholemodule;
				SWIFT_OPTIMIZATION_LEVEL = "-O";
				VALIDATE_PRODUCT = YES;
			};
			name = Release;
		};
		066BA81B21F6AE9600048F29 /* Debug */ = {
			isa = XCBuildConfiguration;
			buildSettings = {
				ASSETCATALOG_COMPILER_APPICON_NAME = AppIcon;
				ASSETCATALOG_COMPILER_LAUNCHIMAGE_NAME = LaunchImage;
				CODE_SIGN_IDENTITY = "iPhone Developer";
				CODE_SIGN_STYLE = Automatic;
				DEVELOPMENT_TEAM = "";
				INFOPLIST_FILE = DYZB/Info.plist;
				IPHONEOS_DEPLOYMENT_TARGET = 8.0;
				LD_RUNPATH_SEARCH_PATHS = (
					"$(inherited)",
					"@executable_path/Frameworks",
				);
				PRODUCT_BUNDLE_IDENTIFIER = jyd.DYZB;
				PRODUCT_NAME = "$(TARGET_NAME)";
				PROVISIONING_PROFILE_SPECIFIER = "";
				SWIFT_VERSION = 4.2;
				TARGETED_DEVICE_FAMILY = "1,2";
			};
			name = Debug;
		};
		066BA81C21F6AE9600048F29 /* Release */ = {
			isa = XCBuildConfiguration;
			buildSettings = {
				ASSETCATALOG_COMPILER_APPICON_NAME = AppIcon;
				ASSETCATALOG_COMPILER_LAUNCHIMAGE_NAME = LaunchImage;
				CODE_SIGN_IDENTITY = "iPhone Developer";
				CODE_SIGN_STYLE = Automatic;
				DEVELOPMENT_TEAM = "";
				INFOPLIST_FILE = DYZB/Info.plist;
				IPHONEOS_DEPLOYMENT_TARGET = 8.0;
				LD_RUNPATH_SEARCH_PATHS = (
					"$(inherited)",
					"@executable_path/Frameworks",
				);
				PRODUCT_BUNDLE_IDENTIFIER = jyd.DYZB;
				PRODUCT_NAME = "$(TARGET_NAME)";
				PROVISIONING_PROFILE_SPECIFIER = "";
				SWIFT_VERSION = 4.2;
				TARGETED_DEVICE_FAMILY = "1,2";
			};
			name = Release;
		};
		066BA81E21F6AE9600048F29 /* Debug */ = {
			isa = XCBuildConfiguration;
			buildSettings = {
				ALWAYS_EMBED_SWIFT_STANDARD_LIBRARIES = YES;
				BUNDLE_LOADER = "$(TEST_HOST)";
				CODE_SIGN_STYLE = Automatic;
				INFOPLIST_FILE = DYZBTests/Info.plist;
				LD_RUNPATH_SEARCH_PATHS = (
					"$(inherited)",
					"@executable_path/Frameworks",
					"@loader_path/Frameworks",
				);
				PRODUCT_BUNDLE_IDENTIFIER = jyd.DYZBTests;
				PRODUCT_NAME = "$(TARGET_NAME)";
				SWIFT_VERSION = 4.2;
				TARGETED_DEVICE_FAMILY = "1,2";
				TEST_HOST = "$(BUILT_PRODUCTS_DIR)/DYZB.app/DYZB";
			};
			name = Debug;
		};
		066BA81F21F6AE9600048F29 /* Release */ = {
			isa = XCBuildConfiguration;
			buildSettings = {
				ALWAYS_EMBED_SWIFT_STANDARD_LIBRARIES = YES;
				BUNDLE_LOADER = "$(TEST_HOST)";
				CODE_SIGN_STYLE = Automatic;
				INFOPLIST_FILE = DYZBTests/Info.plist;
				LD_RUNPATH_SEARCH_PATHS = (
					"$(inherited)",
					"@executable_path/Frameworks",
					"@loader_path/Frameworks",
				);
				PRODUCT_BUNDLE_IDENTIFIER = jyd.DYZBTests;
				PRODUCT_NAME = "$(TARGET_NAME)";
				SWIFT_VERSION = 4.2;
				TARGETED_DEVICE_FAMILY = "1,2";
				TEST_HOST = "$(BUILT_PRODUCTS_DIR)/DYZB.app/DYZB";
			};
			name = Release;
		};
		066BA82121F6AE9600048F29 /* Debug */ = {
			isa = XCBuildConfiguration;
			buildSettings = {
				ALWAYS_EMBED_SWIFT_STANDARD_LIBRARIES = YES;
				CODE_SIGN_STYLE = Automatic;
				INFOPLIST_FILE = DYZBUITests/Info.plist;
				LD_RUNPATH_SEARCH_PATHS = (
					"$(inherited)",
					"@executable_path/Frameworks",
					"@loader_path/Frameworks",
				);
				PRODUCT_BUNDLE_IDENTIFIER = jyd.DYZBUITests;
				PRODUCT_NAME = "$(TARGET_NAME)";
				SWIFT_VERSION = 4.2;
				TARGETED_DEVICE_FAMILY = "1,2";
				TEST_TARGET_NAME = DYZB;
			};
			name = Debug;
		};
		066BA82221F6AE9600048F29 /* Release */ = {
			isa = XCBuildConfiguration;
			buildSettings = {
				ALWAYS_EMBED_SWIFT_STANDARD_LIBRARIES = YES;
				CODE_SIGN_STYLE = Automatic;
				INFOPLIST_FILE = DYZBUITests/Info.plist;
				LD_RUNPATH_SEARCH_PATHS = (
					"$(inherited)",
					"@executable_path/Frameworks",
					"@loader_path/Frameworks",
				);
				PRODUCT_BUNDLE_IDENTIFIER = jyd.DYZBUITests;
				PRODUCT_NAME = "$(TARGET_NAME)";
				SWIFT_VERSION = 4.2;
				TARGETED_DEVICE_FAMILY = "1,2";
				TEST_TARGET_NAME = DYZB;
			};
			name = Release;
		};
/* End XCBuildConfiguration section */

/* Begin XCConfigurationList section */
		066BA7ED21F6AE9300048F29 /* Build configuration list for PBXProject "DYZB" */ = {
			isa = XCConfigurationList;
			buildConfigurations = (
				066BA81821F6AE9600048F29 /* Debug */,
				066BA81921F6AE9600048F29 /* Release */,
			);
			defaultConfigurationIsVisible = 0;
			defaultConfigurationName = Release;
		};
		066BA81A21F6AE9600048F29 /* Build configuration list for PBXNativeTarget "DYZB" */ = {
			isa = XCConfigurationList;
			buildConfigurations = (
				066BA81B21F6AE9600048F29 /* Debug */,
				066BA81C21F6AE9600048F29 /* Release */,
			);
			defaultConfigurationIsVisible = 0;
			defaultConfigurationName = Release;
		};
		066BA81D21F6AE9600048F29 /* Build configuration list for PBXNativeTarget "DYZBTests" */ = {
			isa = XCConfigurationList;
			buildConfigurations = (
				066BA81E21F6AE9600048F29 /* Debug */,
				066BA81F21F6AE9600048F29 /* Release */,
			);
			defaultConfigurationIsVisible = 0;
			defaultConfigurationName = Release;
		};
		066BA82021F6AE9600048F29 /* Build configuration list for PBXNativeTarget "DYZBUITests" */ = {
			isa = XCConfigurationList;
			buildConfigurations = (
				066BA82121F6AE9600048F29 /* Debug */,
				066BA82221F6AE9600048F29 /* Release */,
			);
			defaultConfigurationIsVisible = 0;
			defaultConfigurationName = Release;
		};
/* End XCConfigurationList section */
	};
	rootObject = 066BA7EA21F6AE9300048F29 /* Project object */;
}
